
Microsoft Visual Studio Solution File, Format Version 12.00
# Visual Studio 2012
Project("{FAE04EC0-301F-11D3-BF4B-00C04F79EFBC}") = "MeterSerial", "MeterSerial\MeterSerial.csproj", "{95435559-9771-4D3F-9726-BB5199146AE8}"
EndProject
Global
	GlobalSection(SolutionConfigurationPlatforms) = preSolution
		Debug|x86 = Debug|x86
		Release|x86 = Release|x86
	EndGlobalSection
	GlobalSection(ProjectConfigurationPlatforms) = postSolution
		{95435559-9771-4D3F-9726-BB5199146AE8}.Debug|x86.ActiveCfg = Debug|x86
		{95435559-9771-4D3F-9726-BB5199146AE8}.Debug|x86.Build.0 = Debug|x86
		{95435559-9771-4D3F-9726-BB5199146AE8}.Release|x86.ActiveCfg = Release|x86
		{95435559-9771-4D3F-9726-BB5199146AE8}.Release|x86.Build.0 = Release|x86
	EndGlobalSection
	GlobalSection(MonoDevelopProperties) = preSolution
		StartupItem = MeterSerial\MeterSerial.csproj
	EndGlobalSection
EndGlobal
